<?xml version="1.0" encoding="utf-8"?>
<Project ToolsVersion="4.0" xmlns="http://schemas.microsoft.com/developer/msbuild/2003">
  <ItemGroup>
    <Filter Include="소스 파일">
      <UniqueIdentifier>{4FC737F1-C7A5-4376-A066-2A32D752A2FF}</UniqueIdentifier>
      <Extensions>cpp;c;cc;cxx;c++;cppm;ixx;def;odl;idl;hpj;bat;asm;asmx</Extensions>
    </Filter>
    <Filter Include="헤더 파일">
      <UniqueIdentifier>{93995380-89BD-4b04-88EB-625FBE52EBFB}</UniqueIdentifier>
      <Extensions>h;hh;hpp;hxx;h++;hm;inl;inc;ipp;xsd</Extensions>
    </Filter>
    <Filter Include="리소스 파일">
      <UniqueIdentifier>{67DA6AB6-F800-4c08-8B7A-83BB121AAD01}</UniqueIdentifier>
      <Extensions>rc;ico;cur;bmp;dlg;rc2;rct;bin;rgs;gif;jpg;jpeg;jpe;resx;tiff;tif;png;wav;mfcribbon-ms</Extensions>
    </Filter>
  </ItemGroup>
  <ItemGroup>
    <ClCompile Include="main.cpp">
      <Filter>소스 파일</Filter>
    </ClCompile>
    <ClCompile Include="src\shaders.cpp">
      <Filter>소스 파일</Filter>
    </ClCompile>
    <ClCompile Include="src\camera.cpp">
      <Filter>소스 파일</Filter>
    </ClCompile>
    <ClCompile Include="src\object.cpp">
      <Filter>소스 파일</Filter>
    </ClCompile>
    <ClCompile Include="src\objReader.cpp">
      <Filter>소스 파일</Filter>
    </ClCompile>
    <ClCompile Include="src\light.cpp">
      <Filter>소스 파일</Filter>
    </ClCompile>
    <ClCompile Include="src\player.cpp">
      <Filter>소스 파일</Filter>
    </ClCompile>
    <ClCompile Include="src\gameWorld.cpp">
      <Filter>소스 파일</Filter>
    </ClCompile>
    <ClCompile Include="src\wall.cpp">
      <Filter>소스 파일</Filter>
    </ClCompile>
    <ClCompile Include="src\server.cpp">
      <Filter>소스 파일</Filter>
    </ClCompile>
    <ClCompile Include="src\gameManager.cpp">
      <Filter>소스 파일</Filter>
    </ClCompile>
    <ClCompile Include="src\stage.cpp">
      <Filter>소스 파일</Filter>
    </ClCompile>
    <ClCompile Include="src\mainStage.cpp">
      <Filter>소스 파일</Filter>
    </ClCompile>
    <ClCompile Include="src\startStage.cpp">
      <Filter>소스 파일</Filter>
    </ClCompile>
    <ClCompile Include="src\easyStage.cpp">
      <Filter>소스 파일</Filter>
    </ClCompile>
    <ClCompile Include="src\normalStage.cpp">
      <Filter>소스 파일</Filter>
    </ClCompile>
    <ClCompile Include="src\hardStage.cpp">
      <Filter>소스 파일</Filter>
    </ClCompile>
    <ClCompile Include="src\particle.cpp">
      <Filter>소스 파일</Filter>
    </ClCompile>
    <ClCompile Include="src\item.cpp">
      <Filter>소스 파일</Filter>
    </ClCompile>
    <ClCompile Include="src\menu.cpp">
      <Filter>소스 파일</Filter>
    </ClCompile>
    <ClCompile Include="src\soundManager.cpp">
      <Filter>소스 파일</Filter>
    </ClCompile>
    <ClCompile Include="src\bg.cpp">
      <Filter>소스 파일</Filter>
    </ClCompile>
    <ClCompile Include="src\PacketManager.cpp">
      <Filter>소스 파일</Filter>
    </ClCompile>
    <ClCompile Include="src\Global.cpp">
      <Filter>소스 파일</Filter>
    </ClCompile>
  </ItemGroup>
  <ItemGroup>
    <ClInclude Include="src\stdafx.h">
      <Filter>헤더 파일</Filter>
    </ClInclude>
    <ClInclude Include="src\camera.h">
      <Filter>헤더 파일</Filter>
    </ClInclude>
    <ClInclude Include="src\object.h">
      <Filter>헤더 파일</Filter>
    </ClInclude>
    <ClInclude Include="src\shaders.h">
      <Filter>헤더 파일</Filter>
    </ClInclude>
    <ClInclude Include="src\objReader.h">
      <Filter>헤더 파일</Filter>
    </ClInclude>
    <ClInclude Include="src\light.h">
      <Filter>헤더 파일</Filter>
    </ClInclude>
    <ClInclude Include="src\player.h">
      <Filter>헤더 파일</Filter>
    </ClInclude>
    <ClInclude Include="src\gameWorld.h">
      <Filter>헤더 파일</Filter>
    </ClInclude>
    <ClInclude Include="src\wall.h">
      <Filter>헤더 파일</Filter>
    </ClInclude>
    <ClInclude Include="src\gameManager.h">
      <Filter>헤더 파일</Filter>
    </ClInclude>
    <ClInclude Include="src\stage.h">
      <Filter>헤더 파일</Filter>
    </ClInclude>
    <ClInclude Include="src\mainStage.h">
      <Filter>헤더 파일</Filter>
    </ClInclude>
    <ClInclude Include="src\startStage.h">
      <Filter>헤더 파일</Filter>
    </ClInclude>
    <ClInclude Include="src\easyStage.h">
      <Filter>헤더 파일</Filter>
    </ClInclude>
    <ClInclude Include="src\normalStage.h">
      <Filter>헤더 파일</Filter>
    </ClInclude>
    <ClInclude Include="src\hardStage.h">
      <Filter>헤더 파일</Filter>
    </ClInclude>
    <ClInclude Include="src\stb_image.h">
      <Filter>헤더 파일</Filter>
    </ClInclude>
    <ClInclude Include="src\particle.h">
      <Filter>헤더 파일</Filter>
    </ClInclude>
    <ClInclude Include="src\item.h">
      <Filter>헤더 파일</Filter>
    </ClInclude>
    <ClInclude Include="src\menu.h">
      <Filter>헤더 파일</Filter>
    </ClInclude>
    <ClInclude Include="src\soundManager.h">
      <Filter>헤더 파일</Filter>
    </ClInclude>
    <ClInclude Include="src\bg.h">
      <Filter>헤더 파일</Filter>
    </ClInclude>
    <ClInclude Include="src\PacketManager.h">
      <Filter>헤더 파일</Filter>
    </ClInclude>
    <ClInclude Include="src\Global.h">
      <Filter>헤더 파일</Filter>
    </ClInclude>
  </ItemGroup>
  <ItemGroup>
    <None Include="res\shader.frag">
      <Filter>리소스 파일</Filter>
    </None>
    <None Include="res\shader.vert">
      <Filter>리소스 파일</Filter>
    </None>
  </ItemGroup>
</Project>