
Microsoft Visual Studio Solution File, Format Version 11.00
# Visual Studio Version 16
Project("{8BC9CEB8-8B4A-11D0-8D11-00A0C91BC942}") = "3d", "3d.vcxproj", "{BD294D91-9701-4A4C-971E-57C4D9C411DA}"
EndProject
Project("{8BC9CEB8-8B4A-11D0-8D11-00A0C91BC942}") = "3d_multi", "3d_multi.vcxproj", "{233265F9-429A-427E-93AF-8C1C9CBC752B}"
EndProject
Project("{8BC9CEB8-8B4A-11D0-8D11-00A0C91BC942}") = "event_parameter", "event_parameter.vcxproj", "{0020EFB4-C679-4363-BF7D-2475A63F24F2}"
EndProject
Project("{8BC9CEB8-8B4A-11D0-8D11-00A0C91BC942}") = "load_banks", "load_banks.vcxproj", "{C194FA27-132C-4AD3-8CE2-470AF12D5FFC}"
EndProject
Project("{8BC9CEB8-8B4A-11D0-8D11-00A0C91BC942}") = "music_callbacks", "music_callbacks.vcxproj", "{69FB2A73-D4E9-43C4-B8F0-296D210C4D74}"
EndProject
Project("{8BC9CEB8-8B4A-11D0-8D11-00A0C91BC942}") = "objectpan", "objectpan.vcxproj", "{1B4FB189-8F1A-4083-8862-FEBCA3673323}"
EndProject
Project("{8BC9CEB8-8B4A-11D0-8D11-00A0C91BC942}") = "programmer_sound", "programmer_sound.vcxproj", "{B61AB869-1187-4FD5-AA2B-9EEC975B244F}"
EndProject
Project("{8BC9CEB8-8B4A-11D0-8D11-00A0C91BC942}") = "recording_playback", "recording_playback.vcxproj", "{60434267-4D65-46B0-AFCF-8614E9237E60}"
EndProject
Project("{8BC9CEB8-8B4A-11D0-8D11-00A0C91BC942}") = "simple_event", "simple_event.vcxproj", "{6D48FA76-3FD6-4651-A626-1C9F83477B88}"
EndProject
Global
	GlobalSection(SolutionConfigurationPlatforms) = preSolution
		Debug|Win32 = Debug|Win32
		Debug|x64 = Debug|x64
		Release|Win32 = Release|Win32
		Release|x64 = Release|x64
	EndGlobalSection
	GlobalSection(ProjectConfigurationPlatforms) = postSolution
		{BD294D91-9701-4A4C-971E-57C4D9C411DA}.Debug|Win32.ActiveCfg = Debug|Win32
		{BD294D91-9701-4A4C-971E-57C4D9C411DA}.Debug|Win32.Build.0 = Debug|Win32
		{BD294D91-9701-4A4C-971E-57C4D9C411DA}.Debug|Win32.Deploy.0 = Debug|Win32
		{BD294D91-9701-4A4C-971E-57C4D9C411DA}.Debug|x64.ActiveCfg = Debug|x64
		{BD294D91-9701-4A4C-971E-57C4D9C411DA}.Debug|x64.Build.0 = Debug|x64
		{BD294D91-9701-4A4C-971E-57C4D9C411DA}.Debug|x64.Deploy.0 = Debug|x64
		{BD294D91-9701-4A4C-971E-57C4D9C411DA}.Release|Win32.ActiveCfg = Release|Win32
		{BD294D91-9701-4A4C-971E-57C4D9C411DA}.Release|Win32.Build.0 = Release|Win32
		{BD294D91-9701-4A4C-971E-57C4D9C411DA}.Release|Win32.Deploy.0 = Release|Win32
		{BD294D91-9701-4A4C-971E-57C4D9C411DA}.Release|x64.ActiveCfg = Release|x64
		{BD294D91-9701-4A4C-971E-57C4D9C411DA}.Release|x64.Build.0 = Release|x64
		{BD294D91-9701-4A4C-971E-57C4D9C411DA}.Release|x64.Deploy.0 = Release|x64
		{233265F9-429A-427E-93AF-8C1C9CBC752B}.Debug|Win32.ActiveCfg = Debug|Win32
		{233265F9-429A-427E-93AF-8C1C9CBC752B}.Debug|Win32.Build.0 = Debug|Win32
		{233265F9-429A-427E-93AF-8C1C9CBC752B}.Debug|Win32.Deploy.0 = Debug|Win32
		{233265F9-429A-427E-93AF-8C1C9CBC752B}.Debug|x64.ActiveCfg = Debug|x64
		{233265F9-429A-427E-93AF-8C1C9CBC752B}.Debug|x64.Build.0 = Debug|x64
		{233265F9-429A-427E-93AF-8C1C9CBC752B}.Debug|x64.Deploy.0 = Debug|x64
		{233265F9-429A-427E-93AF-8C1C9CBC752B}.Release|Win32.ActiveCfg = Release|Win32
		{233265F9-429A-427E-93AF-8C1C9CBC752B}.Release|Win32.Build.0 = Release|Win32
		{233265F9-429A-427E-93AF-8C1C9CBC752B}.Release|Win32.Deploy.0 = Release|Win32
		{233265F9-429A-427E-93AF-8C1C9CBC752B}.Release|x64.ActiveCfg = Release|x64
		{233265F9-429A-427E-93AF-8C1C9CBC752B}.Release|x64.Build.0 = Release|x64
		{233265F9-429A-427E-93AF-8C1C9CBC752B}.Release|x64.Deploy.0 = Release|x64
		{0020EFB4-C679-4363-BF7D-2475A63F24F2}.Debug|Win32.ActiveCfg = Debug|Win32
		{0020EFB4-C679-4363-BF7D-2475A63F24F2}.Debug|Win32.Build.0 = Debug|Win32
		{0020EFB4-C679-4363-BF7D-2475A63F24F2}.Debug|Win32.Deploy.0 = Debug|Win32
		{0020EFB4-C679-4363-BF7D-2475A63F24F2}.Debug|x64.ActiveCfg = Debug|x64
		{0020EFB4-C679-4363-BF7D-2475A63F24F2}.Debug|x64.Build.0 = Debug|x64
		{0020EFB4-C679-4363-BF7D-2475A63F24F2}.Debug|x64.Deploy.0 = Debug|x64
		{0020EFB4-C679-4363-BF7D-2475A63F24F2}.Release|Win32.ActiveCfg = Release|Win32
		{0020EFB4-C679-4363-BF7D-2475A63F24F2}.Release|Win32.Build.0 = Release|Win32
		{0020EFB4-C679-4363-BF7D-2475A63F24F2}.Release|Win32.Deploy.0 = Release|Win32
		{0020EFB4-C679-4363-BF7D-2475A63F24F2}.Release|x64.ActiveCfg = Release|x64
		{0020EFB4-C679-4363-BF7D-2475A63F24F2}.Release|x64.Build.0 = Release|x64
		{0020EFB4-C679-4363-BF7D-2475A63F24F2}.Release|x64.Deploy.0 = Release|x64
		{C194FA27-132C-4AD3-8CE2-470AF12D5FFC}.Debug|Win32.ActiveCfg = Debug|Win32
		{C194FA27-132C-4AD3-8CE2-470AF12D5FFC}.Debug|Win32.Build.0 = Debug|Win32
		{C194FA27-132C-4AD3-8CE2-470AF12D5FFC}.Debug|Win32.Deploy.0 = Debug|Win32
		{C194FA27-132C-4AD3-8CE2-470AF12D5FFC}.Debug|x64.ActiveCfg = Debug|x64
		{C194FA27-132C-4AD3-8CE2-470AF12D5FFC}.Debug|x64.Build.0 = Debug|x64
		{C194FA27-132C-4AD3-8CE2-470AF12D5FFC}.Debug|x64.Deploy.0 = Debug|x64
		{C194FA27-132C-4AD3-8CE2-470AF12D5FFC}.Release|Win32.ActiveCfg = Release|Win32
		{C194FA27-132C-4AD3-8CE2-470AF12D5FFC}.Release|Win32.Build.0 = Release|Win32
		{C194FA27-132C-4AD3-8CE2-470AF12D5FFC}.Release|Win32.Deploy.0 = Release|Win32
		{C194FA27-132C-4AD3-8CE2-470AF12D5FFC}.Release|x64.ActiveCfg = Release|x64
		{C194FA27-132C-4AD3-8CE2-470AF12D5FFC}.Release|x64.Build.0 = Release|x64
		{C194FA27-132C-4AD3-8CE2-470AF12D5FFC}.Release|x64.Deploy.0 = Release|x64
		{69FB2A73-D4E9-43C4-B8F0-296D210C4D74}.Debug|Win32.ActiveCfg = Debug|Win32
		{69FB2A73-D4E9-43C4-B8F0-296D210C4D74}.Debug|Win32.Build.0 = Debug|Win32
		{69FB2A73-D4E9-43C4-B8F0-296D210C4D74}.Debug|Win32.Deploy.0 = Debug|Win32
		{69FB2A73-D4E9-43C4-B8F0-296D210C4D74}.Debug|x64.ActiveCfg = Debug|x64
		{69FB2A73-D4E9-43C4-B8F0-296D210C4D74}.Debug|x64.Build.0 = Debug|x64
		{69FB2A73-D4E9-43C4-B8F0-296D210C4D74}.Debug|x64.Deploy.0 = Debug|x64
		{69FB2A73-D4E9-43C4-B8F0-296D210C4D74}.Release|Win32.ActiveCfg = Release|Win32
		{69FB2A73-D4E9-43C4-B8F0-296D210C4D74}.Release|Win32.Build.0 = Release|Win32
		{69FB2A73-D4E9-43C4-B8F0-296D210C4D74}.Release|Win32.Deploy.0 = Release|Win32
		{69FB2A73-D4E9-43C4-B8F0-296D210C4D74}.Release|x64.ActiveCfg = Release|x64
		{69FB2A73-D4E9-43C4-B8F0-296D210C4D74}.Release|x64.Build.0 = Release|x64
		{69FB2A73-D4E9-43C4-B8F0-296D210C4D74}.Release|x64.Deploy.0 = Release|x64
		{1B4FB189-8F1A-4083-8862-FEBCA3673323}.Debug|Win32.ActiveCfg = Debug|Win32
		{1B4FB189-8F1A-4083-8862-FEBCA3673323}.Debug|Win32.Build.0 = Debug|Win32
		{1B4FB189-8F1A-4083-8862-FEBCA3673323}.Debug|Win32.Deploy.0 = Debug|Win32
		{1B4FB189-8F1A-4083-8862-FEBCA3673323}.Debug|x64.ActiveCfg = Debug|x64
		{1B4FB189-8F1A-4083-8862-FEBCA3673323}.Debug|x64.Build.0 = Debug|x64
		{1B4FB189-8F1A-4083-8862-FEBCA3673323}.Debug|x64.Deploy.0 = Debug|x64
		{1B4FB189-8F1A-4083-8862-FEBCA3673323}.Release|Win32.ActiveCfg = Release|Win32
		{1B4FB189-8F1A-4083-8862-FEBCA3673323}.Release|Win32.Build.0 = Release|Win32
		{1B4FB189-8F1A-4083-8862-FEBCA3673323}.Release|Win32.Deploy.0 = Release|Win32
		{1B4FB189-8F1A-4083-8862-FEBCA3673323}.Release|x64.ActiveCfg = Release|x64
		{1B4FB189-8F1A-4083-8862-FEBCA3673323}.Release|x64.Build.0 = Release|x64
		{1B4FB189-8F1A-4083-8862-FEBCA3673323}.Release|x64.Deploy.0 = Release|x64
		{B61AB869-1187-4FD5-AA2B-9EEC975B244F}.Debug|Win32.ActiveCfg = Debug|Win32
		{B61AB869-1187-4FD5-AA2B-9EEC975B244F}.Debug|Win32.Build.0 = Debug|Win32
		{B61AB869-1187-4FD5-AA2B-9EEC975B244F}.Debug|Win32.Deploy.0 = Debug|Win32
		{B61AB869-1187-4FD5-AA2B-9EEC975B244F}.Debug|x64.ActiveCfg = Debug|x64
		{B61AB869-1187-4FD5-AA2B-9EEC975B244F}.Debug|x64.Build.0 = Debug|x64
		{B61AB869-1187-4FD5-AA2B-9EEC975B244F}.Debug|x64.Deploy.0 = Debug|x64
		{B61AB869-1187-4FD5-AA2B-9EEC975B244F}.Release|Win32.ActiveCfg = Release|Win32
		{B61AB869-1187-4FD5-AA2B-9EEC975B244F}.Release|Win32.Build.0 = Release|Win32
		{B61AB869-1187-4FD5-AA2B-9EEC975B244F}.Release|Win32.Deploy.0 = Release|Win32
		{B61AB869-1187-4FD5-AA2B-9EEC975B244F}.Release|x64.ActiveCfg = Release|x64
		{B61AB869-1187-4FD5-AA2B-9EEC975B244F}.Release|x64.Build.0 = Release|x64
		{B61AB869-1187-4FD5-AA2B-9EEC975B244F}.Release|x64.Deploy.0 = Release|x64
		{60434267-4D65-46B0-AFCF-8614E9237E60}.Debug|Win32.ActiveCfg = Debug|Win32
		{60434267-4D65-46B0-AFCF-8614E9237E60}.Debug|Win32.Build.0 = Debug|Win32
		{60434267-4D65-46B0-AFCF-8614E9237E60}.Debug|Win32.Deploy.0 = Debug|Win32
		{60434267-4D65-46B0-AFCF-8614E9237E60}.Debug|x64.ActiveCfg = Debug|x64
		{60434267-4D65-46B0-AFCF-8614E9237E60}.Debug|x64.Build.0 = Debug|x64
		{60434267-4D65-46B0-AFCF-8614E9237E60}.Debug|x64.Deploy.0 = Debug|x64
		{60434267-4D65-46B0-AFCF-8614E9237E60}.Release|Win32.ActiveCfg = Release|Win32
		{60434267-4D65-46B0-AFCF-8614E9237E60}.Release|Win32.Build.0 = Release|Win32
		{60434267-4D65-46B0-AFCF-8614E9237E60}.Release|Win32.Deploy.0 = Release|Win32
		{60434267-4D65-46B0-AFCF-8614E9237E60}.Release|x64.ActiveCfg = Release|x64
		{60434267-4D65-46B0-AFCF-8614E9237E60}.Release|x64.Build.0 = Release|x64
		{60434267-4D65-46B0-AFCF-8614E9237E60}.Release|x64.Deploy.0 = Release|x64
		{6D48FA76-3FD6-4651-A626-1C9F83477B88}.Debug|Win32.ActiveCfg = Debug|Win32
		{6D48FA76-3FD6-4651-A626-1C9F83477B88}.Debug|Win32.Build.0 = Debug|Win32
		{6D48FA76-3FD6-4651-A626-1C9F83477B88}.Debug|Win32.Deploy.0 = Debug|Win32
		{6D48FA76-3FD6-4651-A626-1C9F83477B88}.Debug|x64.ActiveCfg = Debug|x64
		{6D48FA76-3FD6-4651-A626-1C9F83477B88}.Debug|x64.Build.0 = Debug|x64
		{6D48FA76-3FD6-4651-A626-1C9F83477B88}.Debug|x64.Deploy.0 = Debug|x64
		{6D48FA76-3FD6-4651-A626-1C9F83477B88}.Release|Win32.ActiveCfg = Release|Win32
		{6D48FA76-3FD6-4651-A626-1C9F83477B88}.Release|Win32.Build.0 = Release|Win32
		{6D48FA76-3FD6-4651-A626-1C9F83477B88}.Release|Win32.Deploy.0 = Release|Win32
		{6D48FA76-3FD6-4651-A626-1C9F83477B88}.Release|x64.ActiveCfg = Release|x64
		{6D48FA76-3FD6-4651-A626-1C9F83477B88}.Release|x64.Build.0 = Release|x64
		{6D48FA76-3FD6-4651-A626-1C9F83477B88}.Release|x64.Deploy.0 = Release|x64
	EndGlobalSection
	GlobalSection(SolutionProperties) = preSolution
		HideSolutionNode = FALSE
	EndGlobalSection
EndGlobal
